# THIS IS AN AUTOGENERATED FILE. DO NOT EDIT THIS FILE DIRECTLY.
# yarn lockfile v1


"@antv/adjust@^0.2.1":
  version "0.2.2"
  resolved "https://registry.npmjs.org/@antv/adjust/-/adjust-0.2.2.tgz#569ff937213d14a803b17f054cbe1db06805c508"
  integrity sha512-b5cABT0WWgKU8pfhW2ssID4FBXDBnHPuxU/HAV3nOMq1lso2BI2/r1hHnrVMZId5Dntb7YrVTOsokiD9DFZ2+w==
  dependencies:
    "@antv/util" "~2.0.0"
    tslib "^1.10.0"

"@antv/attr@^0.3.1":
  version "0.3.2"
  resolved "https://registry.npmjs.org/@antv/attr/-/attr-0.3.2.tgz#e5866b64870c62f3a9c25b8a61f654ba2bfda051"
  integrity sha512-31PfcVKeQdPBmr/QD+IC0NB/FbdtVKOXBCNMepFc5/dEs7jphmgG1V4tfAJmcXIHubCTHOjpscTrDIvoKSGvMQ==
  dependencies:
    "@antv/color-util" "^2.0.1"
    "@antv/util" "~2.0.0"
    tslib "^1.10.0"

"@antv/color-util@^2.0.1", "@antv/color-util@^2.0.2":
  version "2.0.5"
  resolved "https://registry.npmjs.org/@antv/color-util/-/color-util-2.0.5.tgz#6c6c14ad2873526bcba72380b781a2b24360ac6e"
  integrity sha512-eQktA9YDnWCj03rfjpg0ajvCfRkHXzBzsZa9z94pY6Jb7e3XtPUp7vDpB8KhaKm9GjPtGzQDneh+gnqkEK8mtQ==
  dependencies:
    "@antv/util" "^2.0.9"
    tslib "^1.10.0"

"@antv/component@^0.6.0":
  version "0.6.1"
  resolved "https://registry.npmjs.org/@antv/component/-/component-0.6.1.tgz#fdb624e72b84d07416394f7a1e2284a57f1e410c"
  integrity sha512-VZ8qWJHwc3zpabRVAIRaT35apUTtOU8dNbj0XO9dZ9nePFLBjTduLP0iOxoaerkd1fEasanBmgwxnS4pT4fXaA==
  dependencies:
    "@antv/dom-util" "~2.0.1"
    "@antv/g-base" "~0.4.0"
    "@antv/matrix-util" "^3.1.0-beta.1"
    "@antv/path-util" "~2.0.7"
    "@antv/scale" "~0.3.1"
    "@antv/util" "~2.0.0"
    tslib "^1.10.0"

"@antv/coord@^0.3.0":
  version "0.3.0"
  resolved "https://registry.npmjs.org/@antv/coord/-/coord-0.3.0.tgz#47239cfd3545f87b7a67a9bed92d12a529d5a996"
  integrity sha512-lm5Ct+r62mFVqhziKoDFN3PQjnkNBMOoOG+kBsPq3M3GqlQt5Jc7euOHMFcYSZM9HJmsKkGcih6EWDVVliMEZg==
  dependencies:
    "@antv/matrix-util" "^3.1.0-beta.2"
    "@antv/util" "~2.0.3"
    tslib "^1.10.0"

"@antv/dom-util@~2.0.1":
  version "2.0.2"
  resolved "https://registry.npmjs.org/@antv/dom-util/-/dom-util-2.0.2.tgz#4c7b0a195e027e55570435a6825cec56dfb0b590"
  integrity sha512-i/rh385casRd6OA4rbpbA2jyiwY/w7PtkA+74mH43PiBzOcLpDg1jEWR9dMO0tIqUzHQWWqKNNjmXVubl4GS6g==
  dependencies:
    tslib "^1.10.0"

"@antv/event-emitter@^0.1.1", "@antv/event-emitter@~0.1.0":
  version "0.1.2"
  resolved "https://registry.npmjs.org/@antv/event-emitter/-/event-emitter-0.1.2.tgz#a17b7cb86e6d071880dc6bfb232756f88624ecbc"
  integrity sha512-6C6NJOdoNVptCr5y9BVOhKkCgW7LFs/SpcRyAExUeSjAm0zJqcqNkSIRGsXYhj4PJI+CZICHzGwwiSnIsE68Ug==

"@antv/g-base@^0.4.3", "@antv/g-base@^0.4.7", "@antv/g-base@~0.4.0":
  version "0.4.7"
  resolved "https://registry.npmjs.org/@antv/g-base/-/g-base-0.4.7.tgz#7698fc4c8cb381f2b789a30fbeb26b1e88c48196"
  integrity sha512-wKSpS3/M1slU92iOgi2QV4MCd82J1d2PyPcQArqSFRUZU0KnVMIl95v79dG0Be4YvFaZ3bVrT6Ns1Czr8oplhA==
  dependencies:
    "@antv/event-emitter" "^0.1.1"
    "@antv/g-math" "^0.1.3"
    "@antv/matrix-util" "^3.1.0-beta.1"
    "@antv/path-util" "~2.0.5"
    "@antv/util" "~2.0.0"
    "@types/d3-timer" "^1.0.9"
    d3-ease "^1.0.5"
    d3-interpolate "^1.3.2"
    d3-timer "^1.0.9"
    detect-browser "^5.1.0"

"@antv/g-canvas@^0.4.0":
  version "0.4.13"
  resolved "https://registry.npmjs.org/@antv/g-canvas/-/g-canvas-0.4.13.tgz#c65dcd50535dd028cd5983a707156be42c574496"
  integrity sha512-iZ1YWn49Hc7ybKkLbGBhZznRWwEuFjbo2/5SY1MLjRah/wF0wzaQIS4eA7gYadkz3HdUL2ykpcTXHt2PwCWyMw==
  dependencies:
    "@antv/g-base" "^0.4.7"
    "@antv/g-math" "^0.1.3"
    "@antv/path-util" "~2.0.5"
    "@antv/util" "~2.0.0"
    gl-matrix "^3.0.0"

"@antv/g-math@^0.1.3":
  version "0.1.3"
  resolved "https://registry.npmjs.org/@antv/g-math/-/g-math-0.1.3.tgz#8922f44bef74314640b591f53583c1217b715c0f"
  integrity sha512-m4jF1Xm9bSTDLU35u3bSW9UcqJJVxU+E+bKtJgNfXUiDwHILYJey825+ApsZ8yjU7SD1kDP6GH6NTGzmChszEQ==
  dependencies:
    "@antv/util" "~2.0.0"
    gl-matrix "^3.0.0"

"@antv/g-svg@^0.4.0":
  version "0.4.7"
  resolved "https://registry.npmjs.org/@antv/g-svg/-/g-svg-0.4.7.tgz#0d65e1db34e6dfe609aadb3eddf4748db02f0b01"
  integrity sha512-+lqlBK+qylP4t/vyUgEaPthp1XmTiImfkPl/ZmRp3L1knH64OI9XTfOGGuBUFAt3JBt7VHKf6t0L/MCf0BR88Q==
  dependencies:
    "@antv/g-base" "^0.4.7"
    "@antv/g-math" "^0.1.3"
    "@antv/util" "~2.0.0"
    detect-browser "^4.6.0"

"@antv/g2@^4.0.11-beta.0":
  version "4.0.11-beta.0"
  resolved "https://registry.npmjs.org/@antv/g2/-/g2-4.0.11-beta.0.tgz#d310fe50bc8fc8a2c2f9ad91048b2a43f3069e56"
  integrity sha512-cQ6Eg43hiuQnWFP/7j44G6y0pByaI8F20TRMZ2Q/oxLoBM4+BoxZFEubVnQiRagBnUVTruAGvyJEdMCzj9BHEg==
  dependencies:
    "@antv/adjust" "^0.2.1"
    "@antv/attr" "^0.3.1"
    "@antv/color-util" "^2.0.2"
    "@antv/component" "^0.6.0"
    "@antv/coord" "^0.3.0"
    "@antv/event-emitter" "~0.1.0"
    "@antv/g-base" "^0.4.3"
    "@antv/g-canvas" "^0.4.0"
    "@antv/g-svg" "^0.4.0"
    "@antv/matrix-util" "^3.1.0-beta.1"
    "@antv/path-util" "^2.0.3"
    "@antv/scale" "^0.3.1"
    "@antv/util" "~2.0.5"
    tslib "^2.0.0"

"@antv/matrix-util@^3.1.0-beta.1", "@antv/matrix-util@^3.1.0-beta.2":
  version "3.1.0-beta.2"
  resolved "https://registry.npmjs.org/@antv/matrix-util/-/matrix-util-3.1.0-beta.2.tgz#b4afafb70dbdf52affca308d3546c8a090fd23ca"
  integrity sha512-Efwp0ZHxVDK/8RUa/RRWN7HKFHJmjn7Oq5HaNBbCmsxd7JTla3Zsoq1AZrjWMDlq0lplo77urclwI+XIW8NEHw==
  dependencies:
    "@antv/util" "^2.0.9"
    gl-matrix "^3.3.0"
    tslib "^1.10.0"

"@antv/path-util@^2.0.3", "@antv/path-util@~2.0.5", "@antv/path-util@~2.0.7":
  version "2.0.8"
  resolved "https://registry.npmjs.org/@antv/path-util/-/path-util-2.0.8.tgz#9bc54d2b7198aad988a9cc4a6de9054f26919b84"
  integrity sha512-g5gt12MY1oEzh/j5XfLNRCfJU7E+Us+2yM5Hqc0y8xeWhb5l013XG5BPV37KmOf6WAys9KNxklNniHCZ6SqCKw==
  dependencies:
    "@antv/util" "^2.0.9"
    tslib "^1.10.0"

"@antv/scale@^0.3.1", "@antv/scale@~0.3.1":
  version "0.3.1"
  resolved "https://registry.npmjs.org/@antv/scale/-/scale-0.3.1.tgz#f108858275ca8c27d7af3eb3757ab73f2636299c"
  integrity sha512-bl1IAuiwVasrCpgeeT/aXYpiCiL5T3vJSWgFiRLPJeWhMGCTfsMYP/XKp6gqpD0nVj/WsF2VsoUhJG4VlyY3Pw==
  dependencies:
    "@antv/util" "~2.0.3"
    fecha "~3.0.3"
    tslib "^1.10.0"

"@antv/util@^2.0.9", "@antv/util@~2.0.0", "@antv/util@~2.0.3", "@antv/util@~2.0.5":
  version "2.0.9"
  resolved "https://registry.npmjs.org/@antv/util/-/util-2.0.9.tgz#bd3e296a392e11fbe2781fde39d8e70ba1c53ed0"
  integrity sha512-JblWzne7msAPDdxkUhEk8zAz0Wd6igKwqymGbvIeyOydGrhBhGjA3nEayFj4IlG+XixCvGFKsCB4yuFS4glRIA==
  dependencies:
    tslib "^1.10.0"

"@types/d3-timer@^1.0.9":
  version "1.0.9"
  resolved "https://registry.npmjs.org/@types/d3-timer/-/d3-timer-1.0.9.tgz#aed1bde0cf18920d33f5d44839d73de393633fd3"
  integrity sha512-WvfJ3LFxBbWjqRGz9n7GJt08RrTHPJDVsIwwoCMROlqF+iDacYiAFjf9oqnq0mXpb2juA2N/qjKP+MKdal3YNQ==

camel-case@^3.0.0:
  version "3.0.0"
  resolved "https://registry.npmjs.org/camel-case/-/camel-case-3.0.0.tgz#ca3c3688a4e9cf3a4cda777dc4dcbc713249cf73"
  integrity sha1-yjw2iKTpzzpM2nd9xNy8cTJJz3M=
  dependencies:
    no-case "^2.2.0"
    upper-case "^1.1.1"

clean-css@^4.2.1:
  version "4.2.3"
  resolved "https://registry.npmjs.org/clean-css/-/clean-css-4.2.3.tgz#507b5de7d97b48ee53d84adb0160ff6216380f78"
  integrity sha512-VcMWDN54ZN/DS+g58HYL5/n4Zrqe8vHJpGA8KdgUXFU4fuP/aHNw8eld9SyEIyabIMJX/0RaY/fplOo5hYLSFA==
  dependencies:
    source-map "~0.6.0"

commander@^2.19.0, commander@~2.20.3:
  version "2.20.3"
  resolved "https://registry.npmjs.org/commander/-/commander-2.20.3.tgz#fd485e84c03eb4881c20722ba48035e8531aeb33"
  integrity sha512-GpVkmM8vF2vQUkj2LvZmD35JxeJOLCwJ9cUkugyk2nuhbv3+mJvpLYYt+0+USMxE+oj+ey/lJEnhZw75x/OMcQ==

d3-color@1:
  version "1.4.1"
  resolved "https://registry.npmjs.org/d3-color/-/d3-color-1.4.1.tgz#c52002bf8846ada4424d55d97982fef26eb3bc8a"
  integrity sha512-p2sTHSLCJI2QKunbGb7ocOh7DgTAn8IrLx21QRc/BSnodXM4sv6aLQlnfpvehFMLZEfBc6g9pH9SWQccFYfJ9Q==

d3-ease@^1.0.5:
  version "1.0.6"
  resolved "https://registry.npmjs.org/d3-ease/-/d3-ease-1.0.6.tgz#ebdb6da22dfac0a22222f2d4da06f66c416a0ec0"
  integrity sha512-SZ/lVU7LRXafqp7XtIcBdxnWl8yyLpgOmzAk0mWBI9gXNzLDx5ybZgnRbH9dN/yY5tzVBqCQ9avltSnqVwessQ==

d3-interpolate@^1.3.2:
  version "1.4.0"
  resolved "https://registry.npmjs.org/d3-interpolate/-/d3-interpolate-1.4.0.tgz#526e79e2d80daa383f9e0c1c1c7dcc0f0583e987"
  integrity sha512-V9znK0zc3jOPV4VD2zZn0sDhZU3WAE2bmlxdIwwQPPzPjvyLkd8B3JUVdS1IDUFDkWZ72c9qnv1GK2ZagTZ8EA==
  dependencies:
    d3-color "1"

d3-timer@^1.0.9:
  version "1.0.10"
  resolved "https://registry.npmjs.org/d3-timer/-/d3-timer-1.0.10.tgz#dfe76b8a91748831b13b6d9c793ffbd508dd9de5"
  integrity sha512-B1JDm0XDaQC+uvo4DT79H0XmBskgS3l6Ve+1SBCfxgmtIb1AVrPIoqd+nPSv+loMX8szQ0sVUhGngL7D5QPiXw==

detect-browser@^4.6.0:
  version "4.8.0"
  resolved "https://registry.npmjs.org/detect-browser/-/detect-browser-4.8.0.tgz#1d73bd88c17be866901950ce0aaae1ed060902c6"
  integrity sha512-f4h2dFgzHUIpjpBLjhnDIteXv8VQiUm8XzAuzQtYUqECX/eKh67ykuiVoyb7Db7a0PUSmJa3OGXStG0CbQFUVw==

detect-browser@^5.1.0:
  version "5.1.0"
  resolved "https://registry.npmjs.org/detect-browser/-/detect-browser-5.1.0.tgz#0c51c66b747ad8f98a6832bf3026a5a23a7850ff"
  integrity sha512-WKa9p+/MNwmTiS+V2AS6eGxic+807qvnV3hC+4z2GTY+F42h1n8AynVTMMc4EJBC32qMs6yjOTpeDEQQt/AVqQ==

fecha@~3.0.3:
  version "3.0.3"
  resolved "https://registry.npmjs.org/fecha/-/fecha-3.0.3.tgz#fabbd416497649a42c24d34bfa726b579203a1e2"
  integrity sha512-6LQK/1jud/FZnfEEZJ7y81vw7ge81DNd/XEsX0hgMUjhS+QMljkb1C0czBaP7dMNRVrd5mw/J2J7qI2Nw+TWZw==

gl-matrix@^3.0.0, gl-matrix@^3.3.0:
  version "3.3.0"
  resolved "https://registry.npmjs.org/gl-matrix/-/gl-matrix-3.3.0.tgz#232eef60b1c8b30a28cbbe75b2caf6c48fd6358b"
  integrity sha512-COb7LDz+SXaHtl/h4LeaFcNdJdAQSDeVqjiIihSXNrkWObZLhDI4hIkZC11Aeqp7bcE72clzB0BnDXr2SmslRA==

he@^1.2.0:
  version "1.2.0"
  resolved "https://registry.npmjs.org/he/-/he-1.2.0.tgz#84ae65fa7eafb165fddb61566ae14baf05664f0f"
  integrity sha512-F/1DnUGPopORZi0ni+CvrCgHQ5FyEAHRLSApuYWMmrbSwoN2Mn/7k+Gl38gJnR7yyDZk6WLXwiGod1JOWNDKGw==

html-minifier@^4.0.0:
  version "4.0.0"
  resolved "https://registry.npmjs.org/html-minifier/-/html-minifier-4.0.0.tgz#cca9aad8bce1175e02e17a8c33e46d8988889f56"
  integrity sha512-aoGxanpFPLg7MkIl/DDFYtb0iWz7jMFGqFhvEDZga6/4QTjneiD8I/NXL1x5aaoCp7FSIT6h/OhykDdPsbtMig==
  dependencies:
    camel-case "^3.0.0"
    clean-css "^4.2.1"
    commander "^2.19.0"
    he "^1.2.0"
    param-case "^2.1.1"
    relateurl "^0.2.7"
    uglify-js "^3.5.1"

lower-case@^1.1.1:
  version "1.1.4"
  resolved "https://registry.npmjs.org/lower-case/-/lower-case-1.1.4.tgz#9a2cabd1b9e8e0ae993a4bf7d5875c39c42e8eac"
  integrity sha1-miyr0bno4K6ZOkv31YdcOcQujqw=

no-case@^2.2.0:
  version "2.3.2"
  resolved "https://registry.npmjs.org/no-case/-/no-case-2.3.2.tgz#60b813396be39b3f1288a4c1ed5d1e7d28b464ac"
  integrity sha512-rmTZ9kz+f3rCvK2TD1Ue/oZlns7OGoIWP4fc3llxxRXlOkHKoWPPWJOfFYpITabSow43QJbRIoHQXtt10VldyQ==
  dependencies:
    lower-case "^1.1.1"

param-case@^2.1.1:
  version "2.1.1"
  resolved "https://registry.npmjs.org/param-case/-/param-case-2.1.1.tgz#df94fd8cf6531ecf75e6bef9a0858fbc72be2247"
  integrity sha1-35T9jPZTHs915r75oIWPvHK+Ikc=
  dependencies:
    no-case "^2.2.0"

relateurl@^0.2.7:
  version "0.2.7"
  resolved "https://registry.npmjs.org/relateurl/-/relateurl-0.2.7.tgz#54dbf377e51440aca90a4cd274600d3ff2d888a9"
  integrity sha1-VNvzd+UUQKypCkzSdGANP/LYiKk=

source-map@~0.6.0:
  version "0.6.1"
  resolved "https://registry.npmjs.org/source-map/-/source-map-0.6.1.tgz#74722af32e9614e9c287a8d0bbde48b5e2f1a263"
  integrity sha512-UjgapumWlbMhkBgzT7Ykc5YXUT46F0iKu8SGXq0bcwP5dz/h0Plj6enJqjz1Zbq2l5WaqYnrVbwWOWMyF3F47g==

tslib@^1.10.0:
  version "1.13.0"
  resolved "https://registry.npmjs.org/tslib/-/tslib-1.13.0.tgz#c881e13cc7015894ed914862d276436fa9a47043"
  integrity sha512-i/6DQjL8Xf3be4K/E6Wgpekn5Qasl1usyw++dAA35Ue5orEn65VIxOA+YvNNl9HV3qv70T7CNwjODHZrLwvd1Q==

tslib@^2.0.0:
  version "2.0.0"
  resolved "https://registry.npmjs.org/tslib/-/tslib-2.0.0.tgz#18d13fc2dce04051e20f074cc8387fd8089ce4f3"
  integrity sha512-lTqkx847PI7xEDYJntxZH89L2/aXInsyF2luSafe/+0fHOMjlBNXdH6th7f70qxLDhul7KZK0zC8V5ZIyHl0/g==

uglify-js@^3.5.1:
  version "3.9.4"
  resolved "https://registry.npmjs.org/uglify-js/-/uglify-js-3.9.4.tgz#867402377e043c1fc7b102253a22b64e5862401b"
  integrity sha512-8RZBJq5smLOa7KslsNsVcSH+KOXf1uDU8yqLeNuVKwmT0T3FA0ZoXlinQfRad7SDcbZZRZE4ov+2v71EnxNyCA==
  dependencies:
    commander "~2.20.3"

upper-case@^1.1.1:
  version "1.1.3"
  resolved "https://registry.npmjs.org/upper-case/-/upper-case-1.1.3.tgz#f6b4501c2ec4cdd26ba78be7222961de77621598"
  integrity sha1-9rRQHC7EzdJrp4vnIilh3ndiFZg=
